# This file was autogenerated by Stack.
# You should not edit this file by hand.
# For more information, please see the documentation at:
#   https://docs.haskellstack.org/en/stable/lock_files

packages: []
snapshots:
- completed:
    size: 506303
    url: https://raw.githubusercontent.com/commercialhaskell/stackage-snapshots/master/lts/12/17.yaml
    sha256: ec50e106d49dfb3a709ee9d2c744c941df9848c5559c5f2ca8ca41d4126e2554
  original: lts-12.17
